
Microsoft Visual Studio Solution File, Format Version 12.00
# Visual Studio Version 16
VisualStudioVersion = 16.0.29001.49
MinimumVisualStudioVersion = 10.0.40219.1
Project("{FAE04EC0-301F-11D3-BF4B-00C04F79EFBC}") = "DelegateBasicExample", "DelegateBasicExample.csproj", "{3B5CF26D-E1D8-4423-97C0-21A77E07333C}"
EndProject
Global
	GlobalSection(SolutionConfigurationPlatforms) = preSolution
		Debug|Any CPU = Debug|Any CPU
		Release|Any CPU = Release|Any CPU
	EndGlobalSection
	GlobalSection(ProjectConfigurationPlatforms) = postSolution
		{3B5CF26D-E1D8-4423-97C0-21A77E07333C}.Debug|Any CPU.ActiveCfg = Debug|Any CPU
		{3B5CF26D-E1D8-4423-97C0-21A77E07333C}.Debug|Any CPU.Build.0 = Debug|Any CPU
		{3B5CF26D-E1D8-4423-97C0-21A77E07333C}.Release|Any CPU.ActiveCfg = Release|Any CPU
		{3B5CF26D-E1D8-4423-97C0-21A77E07333C}.Release|Any CPU.Build.0 = Release|Any CPU
	EndGlobalSection
	GlobalSection(SolutionProperties) = preSolution
		HideSolutionNode = FALSE
	EndGlobalSection
	GlobalSection(ExtensibilityGlobals) = postSolution
		SolutionGuid = {13519CF6-0584-42BB-BE7F-269C215A127B}
	EndGlobalSection
EndGlobal
