
Microsoft Visual Studio Solution File, Format Version 12.00
# Visual Studio Version 16
VisualStudioVersion = 16.0.29001.49
MinimumVisualStudioVersion = 10.0.40219.1
Project("{FAE04EC0-301F-11D3-BF4B-00C04F79EFBC}") = "CollectionBasic", "CollectionBasic.csproj", "{EE2C473B-68CD-4E05-9CA0-C0CA9FB72231}"
EndProject
Global
	GlobalSection(SolutionConfigurationPlatforms) = preSolution
		Debug|Any CPU = Debug|Any CPU
		Release|Any CPU = Release|Any CPU
	EndGlobalSection
	GlobalSection(ProjectConfigurationPlatforms) = postSolution
		{EE2C473B-68CD-4E05-9CA0-C0CA9FB72231}.Debug|Any CPU.ActiveCfg = Debug|Any CPU
		{EE2C473B-68CD-4E05-9CA0-C0CA9FB72231}.Debug|Any CPU.Build.0 = Debug|Any CPU
		{EE2C473B-68CD-4E05-9CA0-C0CA9FB72231}.Release|Any CPU.ActiveCfg = Release|Any CPU
		{EE2C473B-68CD-4E05-9CA0-C0CA9FB72231}.Release|Any CPU.Build.0 = Release|Any CPU
	EndGlobalSection
	GlobalSection(SolutionProperties) = preSolution
		HideSolutionNode = FALSE
	EndGlobalSection
	GlobalSection(ExtensibilityGlobals) = postSolution
		SolutionGuid = {E5BACBBF-9B3F-4723-B860-860238DAC94D}
	EndGlobalSection
EndGlobal
