
Microsoft Visual Studio Solution File, Format Version 12.00
# Visual Studio Version 16
VisualStudioVersion = 16.0.29001.49
MinimumVisualStudioVersion = 10.0.40219.1
Project("{FAE04EC0-301F-11D3-BF4B-00C04F79EFBC}") = "PickRandomCards", "PickRandomCards.csproj", "{5D68EBC6-8095-4DC9-9794-39F8A8DDFCAD}"
EndProject
Global
	GlobalSection(SolutionConfigurationPlatforms) = preSolution
		Debug|Any CPU = Debug|Any CPU
		Release|Any CPU = Release|Any CPU
	EndGlobalSection
	GlobalSection(ProjectConfigurationPlatforms) = postSolution
		{5D68EBC6-8095-4DC9-9794-39F8A8DDFCAD}.Debug|Any CPU.ActiveCfg = Debug|Any CPU
		{5D68EBC6-8095-4DC9-9794-39F8A8DDFCAD}.Debug|Any CPU.Build.0 = Debug|Any CPU
		{5D68EBC6-8095-4DC9-9794-39F8A8DDFCAD}.Release|Any CPU.ActiveCfg = Release|Any CPU
		{5D68EBC6-8095-4DC9-9794-39F8A8DDFCAD}.Release|Any CPU.Build.0 = Release|Any CPU
	EndGlobalSection
	GlobalSection(SolutionProperties) = preSolution
		HideSolutionNode = FALSE
	EndGlobalSection
	GlobalSection(ExtensibilityGlobals) = postSolution
		SolutionGuid = {269230CA-DC06-4993-9562-6A395440753F}
	EndGlobalSection
EndGlobal
