
Microsoft Visual Studio Solution File, Format Version 12.00
# Visual Studio Version 17
VisualStudioVersion = 17.5.33516.290
MinimumVisualStudioVersion = 10.0.40219.1
Project("{FAE04EC0-301F-11D3-BF4B-00C04F79EFBC}") = "SQLServer.Demo01", "SQLServer.Demo01\SQLServer.Demo01.csproj", "{BA963339-2D68-4FBD-B5F6-2B1438B92B08}"
EndProject
Global
	GlobalSection(SolutionConfigurationPlatforms) = preSolution
		Debug|Any CPU = Debug|Any CPU
		Release|Any CPU = Release|Any CPU
	EndGlobalSection
	GlobalSection(ProjectConfigurationPlatforms) = postSolution
		{BA963339-2D68-4FBD-B5F6-2B1438B92B08}.Debug|Any CPU.ActiveCfg = Debug|Any CPU
		{BA963339-2D68-4FBD-B5F6-2B1438B92B08}.Debug|Any CPU.Build.0 = Debug|Any CPU
		{BA963339-2D68-4FBD-B5F6-2B1438B92B08}.Release|Any CPU.ActiveCfg = Release|Any CPU
		{BA963339-2D68-4FBD-B5F6-2B1438B92B08}.Release|Any CPU.Build.0 = Release|Any CPU
	EndGlobalSection
	GlobalSection(SolutionProperties) = preSolution
		HideSolutionNode = FALSE
	EndGlobalSection
	GlobalSection(ExtensibilityGlobals) = postSolution
		SolutionGuid = {8675DB0D-9A80-4D48-AA34-C9800AD1B7C9}
	EndGlobalSection
EndGlobal
