
Microsoft Visual Studio Solution File, Format Version 12.00
# Visual Studio Version 16
VisualStudioVersion = 16.0.29001.49
MinimumVisualStudioVersion = 10.0.40219.1
Project("{FAE04EC0-301F-11D3-BF4B-00C04F79EFBC}") = "MatchGame", "MatchGame\MatchGame.csproj", "{67A84EB3-8338-4582-A571-F5DC79048528}"
EndProject
Global
	GlobalSection(SolutionConfigurationPlatforms) = preSolution
		Debug|Any CPU = Debug|Any CPU
		Release|Any CPU = Release|Any CPU
	EndGlobalSection
	GlobalSection(ProjectConfigurationPlatforms) = postSolution
		{67A84EB3-8338-4582-A571-F5DC79048528}.Debug|Any CPU.ActiveCfg = Debug|Any CPU
		{67A84EB3-8338-4582-A571-F5DC79048528}.Debug|Any CPU.Build.0 = Debug|Any CPU
		{67A84EB3-8338-4582-A571-F5DC79048528}.Release|Any CPU.ActiveCfg = Release|Any CPU
		{67A84EB3-8338-4582-A571-F5DC79048528}.Release|Any CPU.Build.0 = Release|Any CPU
	EndGlobalSection
	GlobalSection(SolutionProperties) = preSolution
		HideSolutionNode = FALSE
	EndGlobalSection
	GlobalSection(ExtensibilityGlobals) = postSolution
		SolutionGuid = {CE651D94-1DA4-435E-B2B3-271A9C785FD5}
	EndGlobalSection
EndGlobal
