
Microsoft Visual Studio Solution File, Format Version 12.00
# Visual Studio Version 16
VisualStudioVersion = 16.0.29001.49
MinimumVisualStudioVersion = 10.0.40219.1
Project("{FAE04EC0-301F-11D3-BF4B-00C04F79EFBC}") = "Server", "Server\Server.csproj", "{F3EB4C2C-9CAB-4BCC-B766-D53273AB3597}"
EndProject
Project("{FAE04EC0-301F-11D3-BF4B-00C04F79EFBC}") = "Client", "Client\Client.csproj", "{DEE10250-B9C0-4E7D-A119-3AAA4E7B3D57}"
EndProject
Global
	GlobalSection(SolutionConfigurationPlatforms) = preSolution
		Debug|Any CPU = Debug|Any CPU
		Release|Any CPU = Release|Any CPU
	EndGlobalSection
	GlobalSection(ProjectConfigurationPlatforms) = postSolution
		{F3EB4C2C-9CAB-4BCC-B766-D53273AB3597}.Debug|Any CPU.ActiveCfg = Debug|Any CPU
		{F3EB4C2C-9CAB-4BCC-B766-D53273AB3597}.Debug|Any CPU.Build.0 = Debug|Any CPU
		{F3EB4C2C-9CAB-4BCC-B766-D53273AB3597}.Release|Any CPU.ActiveCfg = Release|Any CPU
		{F3EB4C2C-9CAB-4BCC-B766-D53273AB3597}.Release|Any CPU.Build.0 = Release|Any CPU
		{DEE10250-B9C0-4E7D-A119-3AAA4E7B3D57}.Debug|Any CPU.ActiveCfg = Debug|Any CPU
		{DEE10250-B9C0-4E7D-A119-3AAA4E7B3D57}.Debug|Any CPU.Build.0 = Debug|Any CPU
		{DEE10250-B9C0-4E7D-A119-3AAA4E7B3D57}.Release|Any CPU.ActiveCfg = Release|Any CPU
		{DEE10250-B9C0-4E7D-A119-3AAA4E7B3D57}.Release|Any CPU.Build.0 = Release|Any CPU
	EndGlobalSection
	GlobalSection(SolutionProperties) = preSolution
		HideSolutionNode = FALSE
	EndGlobalSection
	GlobalSection(ExtensibilityGlobals) = postSolution
		SolutionGuid = {626795D3-A1C4-40DD-9587-30E129136774}
	EndGlobalSection
EndGlobal
