
Microsoft Visual Studio Solution File, Format Version 12.00
# Visual Studio Version 17
VisualStudioVersion = 17.6.33712.159
MinimumVisualStudioVersion = 10.0.40219.1
Project("{9A19103F-16F7-4668-BE54-9A1E7A4F7556}") = "TicTacToe_Console", "TicTacToe_Sluiter\TicTacToe_Console.csproj", "{B80584E7-C0E0-446B-94E1-5FE7828F873E}"
EndProject
Project("{FAE04EC0-301F-11D3-BF4B-00C04F79EFBC}") = "BoardLogic", "BoardLogic\BoardLogic.csproj", "{F7EAB6B0-0352-4E29-9546-53EFB8CC5B47}"
EndProject
Global
	GlobalSection(SolutionConfigurationPlatforms) = preSolution
		Debug|Any CPU = Debug|Any CPU
		Release|Any CPU = Release|Any CPU
	EndGlobalSection
	GlobalSection(ProjectConfigurationPlatforms) = postSolution
		{B80584E7-C0E0-446B-94E1-5FE7828F873E}.Debug|Any CPU.ActiveCfg = Debug|Any CPU
		{B80584E7-C0E0-446B-94E1-5FE7828F873E}.Debug|Any CPU.Build.0 = Debug|Any CPU
		{B80584E7-C0E0-446B-94E1-5FE7828F873E}.Release|Any CPU.ActiveCfg = Release|Any CPU
		{B80584E7-C0E0-446B-94E1-5FE7828F873E}.Release|Any CPU.Build.0 = Release|Any CPU
		{F7EAB6B0-0352-4E29-9546-53EFB8CC5B47}.Debug|Any CPU.ActiveCfg = Debug|Any CPU
		{F7EAB6B0-0352-4E29-9546-53EFB8CC5B47}.Debug|Any CPU.Build.0 = Debug|Any CPU
		{F7EAB6B0-0352-4E29-9546-53EFB8CC5B47}.Release|Any CPU.ActiveCfg = Release|Any CPU
		{F7EAB6B0-0352-4E29-9546-53EFB8CC5B47}.Release|Any CPU.Build.0 = Release|Any CPU
	EndGlobalSection
	GlobalSection(SolutionProperties) = preSolution
		HideSolutionNode = FALSE
	EndGlobalSection
	GlobalSection(ExtensibilityGlobals) = postSolution
		SolutionGuid = {E0066BDA-1775-4EB2-B49B-39D2B0306740}
	EndGlobalSection
EndGlobal
