
Microsoft Visual Studio Solution File, Format Version 12.00
# Visual Studio Version 17
VisualStudioVersion = 17.5.33516.290
MinimumVisualStudioVersion = 10.0.40219.1
Project("{9A19103F-16F7-4668-BE54-9A1E7A4F7556}") = "FullCountingSort", "HackerRank\FullCountingSort.csproj", "{9CC3828C-1E94-4FBA-8303-FBF5C33B528A}"
EndProject
Project("{9A19103F-16F7-4668-BE54-9A1E7A4F7556}") = "GridChallenge", "GridChallenge\GridChallenge.csproj", "{CB69FE34-D609-47DF-8384-5F131688739F}"
EndProject
Project("{9A19103F-16F7-4668-BE54-9A1E7A4F7556}") = "SansaXOR", "SansaXOR\SansaXOR.csproj", "{7F622DBE-FEF2-4866-971E-CAD6E48FD959}"
EndProject
Project("{888888A0-9F3D-457C-B088-3A5042F75D52}") = "PyPrimeDate", "PyPrimeDate\PyPrimeDate.pyproj", "{9F2493FE-5423-47CA-8422-82F52C60D4C7}"
EndProject
Project("{9A19103F-16F7-4668-BE54-9A1E7A4F7556}") = "SherlockArray", "SherlockArray\SherlockArray.csproj", "{7A796D65-FC1B-4AF1-938C-303F2F0D1F68}"
EndProject
Project("{9A19103F-16F7-4668-BE54-9A1E7A4F7556}") = "GamingArray1", "GamingArray1\GamingArray1.csproj", "{9B503962-DE16-4F89-9CEF-69F6B0C4B422}"
EndProject
Project("{9A19103F-16F7-4668-BE54-9A1E7A4F7556}") = "MagicSquare", "MagicSquare\MagicSquare.csproj", "{AE430D43-A0F0-4A46-AEB0-D7FB3909C2CB}"
EndProject
Project("{9A19103F-16F7-4668-BE54-9A1E7A4F7556}") = "RecursiveDigitSum", "RecursiveDigitSum\RecursiveDigitSum.csproj", "{1DB7AE17-1BA3-4372-A4A1-E5417BA16BA1}"
EndProject
Project("{9A19103F-16F7-4668-BE54-9A1E7A4F7556}") = "CounterGame", "CounterGame\CounterGame.csproj", "{D6EFE521-70A1-4492-9E61-C739C44D41EB}"
EndProject
Project("{9A19103F-16F7-4668-BE54-9A1E7A4F7556}") = "SumXor", "SumXor\SumXor.csproj", "{8B283E0B-3924-49FE-A2EE-231C80979308}"
EndProject
Project("{9A19103F-16F7-4668-BE54-9A1E7A4F7556}") = "SubarrayDivision", "SubarrayDivision\SubarrayDivision.csproj", "{CE996C28-C7CC-4047-BE59-EB62CAF985E4}"
EndProject
Project("{9A19103F-16F7-4668-BE54-9A1E7A4F7556}") = "DivisibleSumPair", "DivisibleSumPair\DivisibleSumPair.csproj", "{803F3BB4-96E7-47FA-87AC-F129E1114E71}"
EndProject
Project("{9A19103F-16F7-4668-BE54-9A1E7A4F7556}") = "BreakingRecords", "BreakingRecords\BreakingRecords.csproj", "{B02153D1-E1AD-4634-97CD-7F0BF75895D2}"
EndProject
Project("{9A19103F-16F7-4668-BE54-9A1E7A4F7556}") = "MigratoryBirds", "MigratoryBirds\MigratoryBirds.csproj", "{3F840B7B-7940-4F29-B91A-3C96FC40FF29}"
EndProject
Project("{9A19103F-16F7-4668-BE54-9A1E7A4F7556}") = "DayProgrammer", "DayProgrammer\DayProgrammer.csproj", "{4447C6AA-52D7-4393-B53E-A542F96DA015}"
EndProject
Project("{9A19103F-16F7-4668-BE54-9A1E7A4F7556}") = "BomberMan", "BomberMan\BomberMan.csproj", "{704B89D3-9E28-4786-A637-8D892E2198CC}"
EndProject
Project("{9A19103F-16F7-4668-BE54-9A1E7A4F7556}") = "PickingNumbers", "PickingNumbers\PickingNumbers.csproj", "{E4577BE8-D800-43CB-8A4B-60C43DE416F2}"
EndProject
Project("{9A19103F-16F7-4668-BE54-9A1E7A4F7556}") = "NumberLineJumps", "NumberLineJumps\NumberLineJumps.csproj", "{B55856B8-8C22-41B1-9AC8-4490EFC85573}"
EndProject
Project("{9A19103F-16F7-4668-BE54-9A1E7A4F7556}") = "SeperateNumbers", "SeperateNumbers\SeperateNumbers.csproj", "{8FF506EF-2DAE-4B1A-9745-6A7D94D560C4}"
EndProject
Project("{9A19103F-16F7-4668-BE54-9A1E7A4F7556}") = "ClosestNumbers", "ClosestNumbers\ClosestNumbers.csproj", "{8746F04D-A570-4911-BFCA-92F058C6BD33}"
EndProject
Project("{9A19103F-16F7-4668-BE54-9A1E7A4F7556}") = "MockAnagram", "MockAnagram\MockAnagram.csproj", "{9728B7A6-3F83-47F6-97AE-C522E0C21562}"
EndProject
Project("{9A19103F-16F7-4668-BE54-9A1E7A4F7556}") = "DynamicArray", "DynamicArray\DynamicArray.csproj", "{1B9764E4-CC8B-4044-8089-E0C9F8C6A3C2}"
EndProject
Project("{9A19103F-16F7-4668-BE54-9A1E7A4F7556}") = "MissingNumbers", "MissingNumbers\MissingNumbers.csproj", "{9337D52B-4CB0-4999-A0A2-40891651B38C}"
EndProject
Project("{9A19103F-16F7-4668-BE54-9A1E7A4F7556}") = "FibonacciModifiedMock", "FibonacciModifiedMock\FibonacciModifiedMock.csproj", "{C7FC6D30-5107-495A-BACE-DA4DAAFF8D23}"
EndProject
Project("{9A19103F-16F7-4668-BE54-9A1E7A4F7556}") = "MisereNim", "MisereNim\MisereNim.csproj", "{2868F936-6ACA-493A-A5CD-B2CF4F73AFC6}"
EndProject
Project("{9A19103F-16F7-4668-BE54-9A1E7A4F7556}") = "PalindromeIndex", "PalindromeIndex\PalindromeIndex.csproj", "{263AD011-435E-4DC8-8D1C-F40BCDF5313D}"
EndProject
Project("{FAE04EC0-301F-11D3-BF4B-00C04F79EFBC}") = "NewYearChaos", "NewYearChaos\NewYearChaos.csproj", "{1F68A274-716E-4173-A211-BC25445FED98}"
EndProject
Project("{FAE04EC0-301F-11D3-BF4B-00C04F79EFBC}") = "GoodlandElectricity", "GoodlandElectricity\GoodlandElectricity.csproj", "{D01C8434-EDAB-4A92-A214-97176E34A274}"
EndProject
Global
	GlobalSection(SolutionConfigurationPlatforms) = preSolution
		Debug|Any CPU = Debug|Any CPU
		Release|Any CPU = Release|Any CPU
	EndGlobalSection
	GlobalSection(ProjectConfigurationPlatforms) = postSolution
		{9CC3828C-1E94-4FBA-8303-FBF5C33B528A}.Debug|Any CPU.ActiveCfg = Debug|Any CPU
		{9CC3828C-1E94-4FBA-8303-FBF5C33B528A}.Debug|Any CPU.Build.0 = Debug|Any CPU
		{9CC3828C-1E94-4FBA-8303-FBF5C33B528A}.Release|Any CPU.ActiveCfg = Release|Any CPU
		{9CC3828C-1E94-4FBA-8303-FBF5C33B528A}.Release|Any CPU.Build.0 = Release|Any CPU
		{CB69FE34-D609-47DF-8384-5F131688739F}.Debug|Any CPU.ActiveCfg = Debug|Any CPU
		{CB69FE34-D609-47DF-8384-5F131688739F}.Debug|Any CPU.Build.0 = Debug|Any CPU
		{CB69FE34-D609-47DF-8384-5F131688739F}.Release|Any CPU.ActiveCfg = Release|Any CPU
		{CB69FE34-D609-47DF-8384-5F131688739F}.Release|Any CPU.Build.0 = Release|Any CPU
		{7F622DBE-FEF2-4866-971E-CAD6E48FD959}.Debug|Any CPU.ActiveCfg = Debug|Any CPU
		{7F622DBE-FEF2-4866-971E-CAD6E48FD959}.Debug|Any CPU.Build.0 = Debug|Any CPU
		{7F622DBE-FEF2-4866-971E-CAD6E48FD959}.Release|Any CPU.ActiveCfg = Release|Any CPU
		{7F622DBE-FEF2-4866-971E-CAD6E48FD959}.Release|Any CPU.Build.0 = Release|Any CPU
		{9F2493FE-5423-47CA-8422-82F52C60D4C7}.Debug|Any CPU.ActiveCfg = Debug|Any CPU
		{9F2493FE-5423-47CA-8422-82F52C60D4C7}.Release|Any CPU.ActiveCfg = Release|Any CPU
		{7A796D65-FC1B-4AF1-938C-303F2F0D1F68}.Debug|Any CPU.ActiveCfg = Debug|Any CPU
		{7A796D65-FC1B-4AF1-938C-303F2F0D1F68}.Debug|Any CPU.Build.0 = Debug|Any CPU
		{7A796D65-FC1B-4AF1-938C-303F2F0D1F68}.Release|Any CPU.ActiveCfg = Release|Any CPU
		{7A796D65-FC1B-4AF1-938C-303F2F0D1F68}.Release|Any CPU.Build.0 = Release|Any CPU
		{9B503962-DE16-4F89-9CEF-69F6B0C4B422}.Debug|Any CPU.ActiveCfg = Debug|Any CPU
		{9B503962-DE16-4F89-9CEF-69F6B0C4B422}.Debug|Any CPU.Build.0 = Debug|Any CPU
		{9B503962-DE16-4F89-9CEF-69F6B0C4B422}.Release|Any CPU.ActiveCfg = Release|Any CPU
		{9B503962-DE16-4F89-9CEF-69F6B0C4B422}.Release|Any CPU.Build.0 = Release|Any CPU
		{AE430D43-A0F0-4A46-AEB0-D7FB3909C2CB}.Debug|Any CPU.ActiveCfg = Debug|Any CPU
		{AE430D43-A0F0-4A46-AEB0-D7FB3909C2CB}.Debug|Any CPU.Build.0 = Debug|Any CPU
		{AE430D43-A0F0-4A46-AEB0-D7FB3909C2CB}.Release|Any CPU.ActiveCfg = Release|Any CPU
		{AE430D43-A0F0-4A46-AEB0-D7FB3909C2CB}.Release|Any CPU.Build.0 = Release|Any CPU
		{1DB7AE17-1BA3-4372-A4A1-E5417BA16BA1}.Debug|Any CPU.ActiveCfg = Debug|Any CPU
		{1DB7AE17-1BA3-4372-A4A1-E5417BA16BA1}.Debug|Any CPU.Build.0 = Debug|Any CPU
		{1DB7AE17-1BA3-4372-A4A1-E5417BA16BA1}.Release|Any CPU.ActiveCfg = Release|Any CPU
		{1DB7AE17-1BA3-4372-A4A1-E5417BA16BA1}.Release|Any CPU.Build.0 = Release|Any CPU
		{D6EFE521-70A1-4492-9E61-C739C44D41EB}.Debug|Any CPU.ActiveCfg = Debug|Any CPU
		{D6EFE521-70A1-4492-9E61-C739C44D41EB}.Debug|Any CPU.Build.0 = Debug|Any CPU
		{D6EFE521-70A1-4492-9E61-C739C44D41EB}.Release|Any CPU.ActiveCfg = Release|Any CPU
		{D6EFE521-70A1-4492-9E61-C739C44D41EB}.Release|Any CPU.Build.0 = Release|Any CPU
		{8B283E0B-3924-49FE-A2EE-231C80979308}.Debug|Any CPU.ActiveCfg = Debug|Any CPU
		{8B283E0B-3924-49FE-A2EE-231C80979308}.Debug|Any CPU.Build.0 = Debug|Any CPU
		{8B283E0B-3924-49FE-A2EE-231C80979308}.Release|Any CPU.ActiveCfg = Release|Any CPU
		{8B283E0B-3924-49FE-A2EE-231C80979308}.Release|Any CPU.Build.0 = Release|Any CPU
		{CE996C28-C7CC-4047-BE59-EB62CAF985E4}.Debug|Any CPU.ActiveCfg = Debug|Any CPU
		{CE996C28-C7CC-4047-BE59-EB62CAF985E4}.Debug|Any CPU.Build.0 = Debug|Any CPU
		{CE996C28-C7CC-4047-BE59-EB62CAF985E4}.Release|Any CPU.ActiveCfg = Release|Any CPU
		{CE996C28-C7CC-4047-BE59-EB62CAF985E4}.Release|Any CPU.Build.0 = Release|Any CPU
		{803F3BB4-96E7-47FA-87AC-F129E1114E71}.Debug|Any CPU.ActiveCfg = Debug|Any CPU
		{803F3BB4-96E7-47FA-87AC-F129E1114E71}.Debug|Any CPU.Build.0 = Debug|Any CPU
		{803F3BB4-96E7-47FA-87AC-F129E1114E71}.Release|Any CPU.ActiveCfg = Release|Any CPU
		{803F3BB4-96E7-47FA-87AC-F129E1114E71}.Release|Any CPU.Build.0 = Release|Any CPU
		{B02153D1-E1AD-4634-97CD-7F0BF75895D2}.Debug|Any CPU.ActiveCfg = Debug|Any CPU
		{B02153D1-E1AD-4634-97CD-7F0BF75895D2}.Debug|Any CPU.Build.0 = Debug|Any CPU
		{B02153D1-E1AD-4634-97CD-7F0BF75895D2}.Release|Any CPU.ActiveCfg = Release|Any CPU
		{B02153D1-E1AD-4634-97CD-7F0BF75895D2}.Release|Any CPU.Build.0 = Release|Any CPU
		{3F840B7B-7940-4F29-B91A-3C96FC40FF29}.Debug|Any CPU.ActiveCfg = Debug|Any CPU
		{3F840B7B-7940-4F29-B91A-3C96FC40FF29}.Debug|Any CPU.Build.0 = Debug|Any CPU
		{3F840B7B-7940-4F29-B91A-3C96FC40FF29}.Release|Any CPU.ActiveCfg = Release|Any CPU
		{3F840B7B-7940-4F29-B91A-3C96FC40FF29}.Release|Any CPU.Build.0 = Release|Any CPU
		{4447C6AA-52D7-4393-B53E-A542F96DA015}.Debug|Any CPU.ActiveCfg = Debug|Any CPU
		{4447C6AA-52D7-4393-B53E-A542F96DA015}.Debug|Any CPU.Build.0 = Debug|Any CPU
		{4447C6AA-52D7-4393-B53E-A542F96DA015}.Release|Any CPU.ActiveCfg = Release|Any CPU
		{4447C6AA-52D7-4393-B53E-A542F96DA015}.Release|Any CPU.Build.0 = Release|Any CPU
		{704B89D3-9E28-4786-A637-8D892E2198CC}.Debug|Any CPU.ActiveCfg = Debug|Any CPU
		{704B89D3-9E28-4786-A637-8D892E2198CC}.Debug|Any CPU.Build.0 = Debug|Any CPU
		{704B89D3-9E28-4786-A637-8D892E2198CC}.Release|Any CPU.ActiveCfg = Release|Any CPU
		{704B89D3-9E28-4786-A637-8D892E2198CC}.Release|Any CPU.Build.0 = Release|Any CPU
		{E4577BE8-D800-43CB-8A4B-60C43DE416F2}.Debug|Any CPU.ActiveCfg = Debug|Any CPU
		{E4577BE8-D800-43CB-8A4B-60C43DE416F2}.Debug|Any CPU.Build.0 = Debug|Any CPU
		{E4577BE8-D800-43CB-8A4B-60C43DE416F2}.Release|Any CPU.ActiveCfg = Release|Any CPU
		{E4577BE8-D800-43CB-8A4B-60C43DE416F2}.Release|Any CPU.Build.0 = Release|Any CPU
		{B55856B8-8C22-41B1-9AC8-4490EFC85573}.Debug|Any CPU.ActiveCfg = Debug|Any CPU
		{B55856B8-8C22-41B1-9AC8-4490EFC85573}.Debug|Any CPU.Build.0 = Debug|Any CPU
		{B55856B8-8C22-41B1-9AC8-4490EFC85573}.Release|Any CPU.ActiveCfg = Release|Any CPU
		{B55856B8-8C22-41B1-9AC8-4490EFC85573}.Release|Any CPU.Build.0 = Release|Any CPU
		{8FF506EF-2DAE-4B1A-9745-6A7D94D560C4}.Debug|Any CPU.ActiveCfg = Debug|Any CPU
		{8FF506EF-2DAE-4B1A-9745-6A7D94D560C4}.Debug|Any CPU.Build.0 = Debug|Any CPU
		{8FF506EF-2DAE-4B1A-9745-6A7D94D560C4}.Release|Any CPU.ActiveCfg = Release|Any CPU
		{8FF506EF-2DAE-4B1A-9745-6A7D94D560C4}.Release|Any CPU.Build.0 = Release|Any CPU
		{8746F04D-A570-4911-BFCA-92F058C6BD33}.Debug|Any CPU.ActiveCfg = Debug|Any CPU
		{8746F04D-A570-4911-BFCA-92F058C6BD33}.Debug|Any CPU.Build.0 = Debug|Any CPU
		{8746F04D-A570-4911-BFCA-92F058C6BD33}.Release|Any CPU.ActiveCfg = Release|Any CPU
		{8746F04D-A570-4911-BFCA-92F058C6BD33}.Release|Any CPU.Build.0 = Release|Any CPU
		{9728B7A6-3F83-47F6-97AE-C522E0C21562}.Debug|Any CPU.ActiveCfg = Debug|Any CPU
		{9728B7A6-3F83-47F6-97AE-C522E0C21562}.Debug|Any CPU.Build.0 = Debug|Any CPU
		{9728B7A6-3F83-47F6-97AE-C522E0C21562}.Release|Any CPU.ActiveCfg = Release|Any CPU
		{9728B7A6-3F83-47F6-97AE-C522E0C21562}.Release|Any CPU.Build.0 = Release|Any CPU
		{1B9764E4-CC8B-4044-8089-E0C9F8C6A3C2}.Debug|Any CPU.ActiveCfg = Debug|Any CPU
		{1B9764E4-CC8B-4044-8089-E0C9F8C6A3C2}.Debug|Any CPU.Build.0 = Debug|Any CPU
		{1B9764E4-CC8B-4044-8089-E0C9F8C6A3C2}.Release|Any CPU.ActiveCfg = Release|Any CPU
		{1B9764E4-CC8B-4044-8089-E0C9F8C6A3C2}.Release|Any CPU.Build.0 = Release|Any CPU
		{9337D52B-4CB0-4999-A0A2-40891651B38C}.Debug|Any CPU.ActiveCfg = Debug|Any CPU
		{9337D52B-4CB0-4999-A0A2-40891651B38C}.Debug|Any CPU.Build.0 = Debug|Any CPU
		{9337D52B-4CB0-4999-A0A2-40891651B38C}.Release|Any CPU.ActiveCfg = Release|Any CPU
		{9337D52B-4CB0-4999-A0A2-40891651B38C}.Release|Any CPU.Build.0 = Release|Any CPU
		{C7FC6D30-5107-495A-BACE-DA4DAAFF8D23}.Debug|Any CPU.ActiveCfg = Debug|Any CPU
		{C7FC6D30-5107-495A-BACE-DA4DAAFF8D23}.Debug|Any CPU.Build.0 = Debug|Any CPU
		{C7FC6D30-5107-495A-BACE-DA4DAAFF8D23}.Release|Any CPU.ActiveCfg = Release|Any CPU
		{C7FC6D30-5107-495A-BACE-DA4DAAFF8D23}.Release|Any CPU.Build.0 = Release|Any CPU
		{2868F936-6ACA-493A-A5CD-B2CF4F73AFC6}.Debug|Any CPU.ActiveCfg = Debug|Any CPU
		{2868F936-6ACA-493A-A5CD-B2CF4F73AFC6}.Debug|Any CPU.Build.0 = Debug|Any CPU
		{2868F936-6ACA-493A-A5CD-B2CF4F73AFC6}.Release|Any CPU.ActiveCfg = Release|Any CPU
		{2868F936-6ACA-493A-A5CD-B2CF4F73AFC6}.Release|Any CPU.Build.0 = Release|Any CPU
		{263AD011-435E-4DC8-8D1C-F40BCDF5313D}.Debug|Any CPU.ActiveCfg = Debug|Any CPU
		{263AD011-435E-4DC8-8D1C-F40BCDF5313D}.Debug|Any CPU.Build.0 = Debug|Any CPU
		{263AD011-435E-4DC8-8D1C-F40BCDF5313D}.Release|Any CPU.ActiveCfg = Release|Any CPU
		{263AD011-435E-4DC8-8D1C-F40BCDF5313D}.Release|Any CPU.Build.0 = Release|Any CPU
		{1F68A274-716E-4173-A211-BC25445FED98}.Debug|Any CPU.ActiveCfg = Debug|Any CPU
		{1F68A274-716E-4173-A211-BC25445FED98}.Debug|Any CPU.Build.0 = Debug|Any CPU
		{1F68A274-716E-4173-A211-BC25445FED98}.Release|Any CPU.ActiveCfg = Release|Any CPU
		{1F68A274-716E-4173-A211-BC25445FED98}.Release|Any CPU.Build.0 = Release|Any CPU
		{D01C8434-EDAB-4A92-A214-97176E34A274}.Debug|Any CPU.ActiveCfg = Debug|Any CPU
		{D01C8434-EDAB-4A92-A214-97176E34A274}.Debug|Any CPU.Build.0 = Debug|Any CPU
		{D01C8434-EDAB-4A92-A214-97176E34A274}.Release|Any CPU.ActiveCfg = Release|Any CPU
		{D01C8434-EDAB-4A92-A214-97176E34A274}.Release|Any CPU.Build.0 = Release|Any CPU
	EndGlobalSection
	GlobalSection(SolutionProperties) = preSolution
		HideSolutionNode = FALSE
	EndGlobalSection
	GlobalSection(ExtensibilityGlobals) = postSolution
		SolutionGuid = {93D330A3-B8A2-458F-9372-98AB25E379F1}
	EndGlobalSection
EndGlobal
