
Microsoft Visual Studio Solution File, Format Version 12.00
# Visual Studio Version 16
VisualStudioVersion = 16.0.29001.49
MinimumVisualStudioVersion = 10.0.40219.1
Project("{FAE04EC0-301F-11D3-BF4B-00C04F79EFBC}") = "acad0open", "acad0open.csproj", "{74603C86-6F93-49C1-A582-87826E5E6D28}"
EndProject
Global
	GlobalSection(SolutionConfigurationPlatforms) = preSolution
		Debug|Any CPU = Debug|Any CPU
		Release|Any CPU = Release|Any CPU
	EndGlobalSection
	GlobalSection(ProjectConfigurationPlatforms) = postSolution
		{74603C86-6F93-49C1-A582-87826E5E6D28}.Debug|Any CPU.ActiveCfg = Debug|Any CPU
		{74603C86-6F93-49C1-A582-87826E5E6D28}.Debug|Any CPU.Build.0 = Debug|Any CPU
		{74603C86-6F93-49C1-A582-87826E5E6D28}.Release|Any CPU.ActiveCfg = Release|Any CPU
		{74603C86-6F93-49C1-A582-87826E5E6D28}.Release|Any CPU.Build.0 = Release|Any CPU
	EndGlobalSection
	GlobalSection(SolutionProperties) = preSolution
		HideSolutionNode = FALSE
	EndGlobalSection
	GlobalSection(ExtensibilityGlobals) = postSolution
		SolutionGuid = {DA5AB816-DFB8-4775-A30C-177E952035E5}
	EndGlobalSection
EndGlobal
